
Microsoft Visual Studio Solution File, Format Version 12.00
# Visual Studio Version 16
VisualStudioVersion = 16.0.30114.105
MinimumVisualStudioVersion = 10.0.40219.1
Project("{9A19103F-16F7-4668-BE54-9A1E7A4F7556}") = "exam", "exam\exam.csproj", "{DFCFCB61-1ED4-4D9E-8ECC-F94C8B593907}"
EndProject
Project("{9A19103F-16F7-4668-BE54-9A1E7A4F7556}") = "exam2", "exam2\exam2.csproj", "{357EACF7-E666-4C3D-B072-055FAEECA289}"
EndProject
Project("{FAE04EC0-301F-11D3-BF4B-00C04F79EFBC}") = "exam3", "exam3\exam3.csproj", "{55E697D7-8532-469A-89D9-1DDA540257D3}"
EndProject
Global
	GlobalSection(SolutionConfigurationPlatforms) = preSolution
		Debug|Any CPU = Debug|Any CPU
		Release|Any CPU = Release|Any CPU
	EndGlobalSection
	GlobalSection(ProjectConfigurationPlatforms) = postSolution
		{DFCFCB61-1ED4-4D9E-8ECC-F94C8B593907}.Debug|Any CPU.ActiveCfg = Debug|Any CPU
		{DFCFCB61-1ED4-4D9E-8ECC-F94C8B593907}.Debug|Any CPU.Build.0 = Debug|Any CPU
		{DFCFCB61-1ED4-4D9E-8ECC-F94C8B593907}.Release|Any CPU.ActiveCfg = Release|Any CPU
		{DFCFCB61-1ED4-4D9E-8ECC-F94C8B593907}.Release|Any CPU.Build.0 = Release|Any CPU
		{357EACF7-E666-4C3D-B072-055FAEECA289}.Debug|Any CPU.ActiveCfg = Debug|Any CPU
		{357EACF7-E666-4C3D-B072-055FAEECA289}.Debug|Any CPU.Build.0 = Debug|Any CPU
		{357EACF7-E666-4C3D-B072-055FAEECA289}.Release|Any CPU.ActiveCfg = Release|Any CPU
		{357EACF7-E666-4C3D-B072-055FAEECA289}.Release|Any CPU.Build.0 = Release|Any CPU
		{55E697D7-8532-469A-89D9-1DDA540257D3}.Debug|Any CPU.ActiveCfg = Debug|Any CPU
		{55E697D7-8532-469A-89D9-1DDA540257D3}.Debug|Any CPU.Build.0 = Debug|Any CPU
		{55E697D7-8532-469A-89D9-1DDA540257D3}.Release|Any CPU.ActiveCfg = Release|Any CPU
		{55E697D7-8532-469A-89D9-1DDA540257D3}.Release|Any CPU.Build.0 = Release|Any CPU
	EndGlobalSection
	GlobalSection(SolutionProperties) = preSolution
		HideSolutionNode = FALSE
	EndGlobalSection
	GlobalSection(ExtensibilityGlobals) = postSolution
		SolutionGuid = {CD44C1F7-5FA6-4899-A32A-ED6F3ED40300}
	EndGlobalSection
EndGlobal
