
Microsoft Visual Studio Solution File, Format Version 12.00
# Visual Studio Version 16
VisualStudioVersion = 16.0.30320.27
MinimumVisualStudioVersion = 10.0.40219.1
Project("{FAE04EC0-301F-11D3-BF4B-00C04F79EFBC}") = "CarManufacturer", "01. Car\CarManufacturer.csproj", "{6A0BB7C4-EAA5-4922-B587-5BA6B8DDB040}"
EndProject
Global
	GlobalSection(SolutionConfigurationPlatforms) = preSolution
		Debug|Any CPU = Debug|Any CPU
		Release|Any CPU = Release|Any CPU
	EndGlobalSection
	GlobalSection(ProjectConfigurationPlatforms) = postSolution
		{6A0BB7C4-EAA5-4922-B587-5BA6B8DDB040}.Debug|Any CPU.ActiveCfg = Debug|Any CPU
		{6A0BB7C4-EAA5-4922-B587-5BA6B8DDB040}.Debug|Any CPU.Build.0 = Debug|Any CPU
		{6A0BB7C4-EAA5-4922-B587-5BA6B8DDB040}.Release|Any CPU.ActiveCfg = Release|Any CPU
		{6A0BB7C4-EAA5-4922-B587-5BA6B8DDB040}.Release|Any CPU.Build.0 = Release|Any CPU
	EndGlobalSection
	GlobalSection(SolutionProperties) = preSolution
		HideSolutionNode = FALSE
	EndGlobalSection
	GlobalSection(ExtensibilityGlobals) = postSolution
		SolutionGuid = {DE48EEEF-4834-4870-8155-8242B2403E10}
	EndGlobalSection
EndGlobal
